// !$*UTF8*$!
{
	archiveVersion = 1;
	classes = {
	};
	objectVersion = 56;
	objects = {

/* Begin PBXBuildFile section */
		FCDD27F529362C1400BFA683 /* AppDelegate.swift in Sources */ = {isa = PBXBuildFile; fileRef = FCDD27F429362C1400BFA683 /* AppDelegate.swift */; };
		FCDD27F729362C1400BFA683 /* SceneDelegate.swift in Sources */ = {isa = PBXBuildFile; fileRef = FCDD27F629362C1400BFA683 /* SceneDelegate.swift */; };
		FCDD27F929362C1400BFA683 /* ViewController.swift in Sources */ = {isa = PBXBuildFile; fileRef = FCDD27F829362C1400BFA683 /* ViewController.swift */; };
		FCDD27FC29362C1400BFA683 /* Main.storyboard in Resources */ = {isa = PBXBuildFile; fileRef = FCDD27FA29362C1400BFA683 /* Main.storyboard */; };
		FCDD27FE29362C1500BFA683 /* Assets.xcassets in Resources */ = {isa = PBXBuildFile; fileRef = FCDD27FD29362C1500BFA683 /* Assets.xcassets */; };
		FCDD280129362C1500BFA683 /* LaunchScreen.storyboard in Resources */ = {isa = PBXBuildFile; fileRef = FCDD27FF29362C1500BFA683 /* LaunchScreen.storyboard */; };
		FCDD280C29362C1500BFA683 /* Magic_Ball_BasicTests.swift in Sources */ = {isa = PBXBuildFile; fileRef = FCDD280B29362C1500BFA683 /* Magic_Ball_BasicTests.swift */; };
		FCDD281629362C1500BFA683 /* Magic_Ball_BasicUITests.swift in Sources */ = {isa = PBXBuildFile; fileRef = FCDD281529362C1500BFA683 /* Magic_Ball_BasicUITests.swift */; };
		FCDD281829362C1500BFA683 /* Magic_Ball_BasicUITestsLaunchTests.swift in Sources */ = {isa = PBXBuildFile; fileRef = FCDD281729362C1500BFA683 /* Magic_Ball_BasicUITestsLaunchTests.swift */; };
/* End PBXBuildFile section */

/* Begin PBXContainerItemProxy section */
		FCDD280829362C1500BFA683 /* PBXContainerItemProxy */ = {
			isa = PBXContainerItemProxy;
			containerPortal = FCDD27E929362C1400BFA683 /* Project object */;
			proxyType = 1;
			remoteGlobalIDString = FCDD27F029362C1400BFA683;
			remoteInfo = "Magic Ball Basic";
		};
		FCDD281229362C1500BFA683 /* PBXContainerItemProxy */ = {
			isa = PBXContainerItemProxy;
			containerPortal = FCDD27E929362C1400BFA683 /* Project object */;
			proxyType = 1;
			remoteGlobalIDString = FCDD27F029362C1400BFA683;
			remoteInfo = "Magic Ball Basic";
		};
/* End PBXContainerItemProxy section */

/* Begin PBXFileReference section */
		FCDD27F129362C1400BFA683 /* Magic Ball Basic.app */ = {isa = PBXFileReference; explicitFileType = wrapper.application; includeInIndex = 0; path = "Magic Ball Basic.app"; sourceTree = BUILT_PRODUCTS_DIR; };
		FCDD27F429362C1400BFA683 /* AppDelegate.swift */ = {isa = PBXFileReference; lastKnownFileType = sourcecode.swift; path = AppDelegate.swift; sourceTree = "<group>"; };
		FCDD27F629362C1400BFA683 /* SceneDelegate.swift */ = {isa = PBXFileReference; lastKnownFileType = sourcecode.swift; path = SceneDelegate.swift; sourceTree = "<group>"; };
		FCDD27F829362C1400BFA683 /* ViewController.swift */ = {isa = PBXFileReference; lastKnownFileType = sourcecode.swift; path = ViewController.swift; sourceTree = "<group>"; };
		FCDD27FB29362C1400BFA683 /* Base */ = {isa = PBXFileReference; lastKnownFileType = file.storyboard; name = Base; path = Base.lproj/Main.storyboard; sourceTree = "<group>"; };
		FCDD27FD29362C1500BFA683 /* Assets.xcassets */ = {isa = PBXFileReference; lastKnownFileType = folder.assetcatalog; path = Assets.xcassets; sourceTree = "<group>"; };
		FCDD280029362C1500BFA683 /* Base */ = {isa = PBXFileReference; lastKnownFileType = file.storyboard; name = Base; path = Base.lproj/LaunchScreen.storyboard; sourceTree = "<group>"; };
		FCDD280229362C1500BFA683 /* Info.plist */ = {isa = PBXFileReference; lastKnownFileType = text.plist.xml; path = Info.plist; sourceTree = "<group>"; };
		FCDD280729362C1500BFA683 /* Magic Ball BasicTests.xctest */ = {isa = PBXFileReference; explicitFileType = wrapper.cfbundle; includeInIndex = 0; path = "Magic Ball BasicTests.xctest"; sourceTree = BUILT_PRODUCTS_DIR; };
		FCDD280B29362C1500BFA683 /* Magic_Ball_BasicTests.swift */ = {isa = PBXFileReference; lastKnownFileType = sourcecode.swift; path = Magic_Ball_BasicTests.swift; sourceTree = "<group>"; };
		FCDD281129362C1500BFA683 /* Magic Ball BasicUITests.xctest */ = {isa = PBXFileReference; explicitFileType = wrapper.cfbundle; includeInIndex = 0; path = "Magic Ball BasicUITests.xctest"; sourceTree = BUILT_PRODUCTS_DIR; };
		FCDD281529362C1500BFA683 /* Magic_Ball_BasicUITests.swift */ = {isa = PBXFileReference; lastKnownFileType = sourcecode.swift; path = Magic_Ball_BasicUITests.swift; sourceTree = "<group>"; };
		FCDD281729362C1500BFA683 /* Magic_Ball_BasicUITestsLaunchTests.swift */ = {isa = PBXFileReference; lastKnownFileType = sourcecode.swift; path = Magic_Ball_BasicUITestsLaunchTests.swift; sourceTree = "<group>"; };
/* End PBXFileReference section */

/* Begin PBXFrameworksBuildPhase section */
		FCDD27EE29362C1400BFA683 /* Frameworks */ = {
			isa = PBXFrameworksBuildPhase;
			buildActionMask = 2147483647;
			files = (
			);
			runOnlyForDeploymentPostprocessing = 0;
		};
		FCDD280429362C1500BFA683 /* Frameworks */ = {
			isa = PBXFrameworksBuildPhase;
			buildActionMask = 2147483647;
			files = (
			);
			runOnlyForDeploymentPostprocessing = 0;
		};
		FCDD280E29362C1500BFA683 /* Frameworks */ = {
			isa = PBXFrameworksBuildPhase;
			buildActionMask = 2147483647;
			files = (
			);
			runOnlyForDeploymentPostprocessing = 0;
		};
/* End PBXFrameworksBuildPhase section */

/* Begin PBXGroup section */
		FCDD27E829362C1400BFA683 = {
			isa = PBXGroup;
			children = (
				FCDD27F329362C1400BFA683 /* Magic Ball Basic */,
				FCDD280A29362C1500BFA683 /* Magic Ball BasicTests */,
				FCDD281429362C1500BFA683 /* Magic Ball BasicUITests */,
				FCDD27F229362C1400BFA683 /* Products */,
			);
			sourceTree = "<group>";
		};
		FCDD27F229362C1400BFA683 /* Products */ = {
			isa = PBXGroup;
			children = (
				FCDD27F129362C1400BFA683 /* Magic Ball Basic.app */,
				FCDD280729362C1500BFA683 /* Magic Ball BasicTests.xctest */,
				FCDD281129362C1500BFA683 /* Magic Ball BasicUITests.xctest */,
			);
			name = Products;
			sourceTree = "<group>";
		};
		FCDD27F329362C1400BFA683 /* Magic Ball Basic */ = {
			isa = PBXGroup;
			children = (
				FCDD27F429362C1400BFA683 /* AppDelegate.swift */,
				FCDD27F629362C1400BFA683 /* SceneDelegate.swift */,
				FCDD27F829362C1400BFA683 /* ViewController.swift */,
				FCDD27FA29362C1400BFA683 /* Main.storyboard */,
				FCDD27FD29362C1500BFA683 /* Assets.xcassets */,
				FCDD27FF29362C1500BFA683 /* LaunchScreen.storyboard */,
				FCDD280229362C1500BFA683 /* Info.plist */,
			);
			path = "Magic Ball Basic";
			sourceTree = "<group>";
		};
		FCDD280A29362C1500BFA683 /* Magic Ball BasicTests */ = {
			isa = PBXGroup;
			children = (
				FCDD280B29362C1500BFA683 /* Magic_Ball_BasicTests.swift */,
			);
			path = "Magic Ball BasicTests";
			sourceTree = "<group>";
		};
		FCDD281429362C1500BFA683 /* Magic Ball BasicUITests */ = {
			isa = PBXGroup;
			children = (
				FCDD281529362C1500BFA683 /* Magic_Ball_BasicUITests.swift */,
				FCDD281729362C1500BFA683 /* Magic_Ball_BasicUITestsLaunchTests.swift */,
			);
			path = "Magic Ball BasicUITests";
			sourceTree = "<group>";
		};
/* End PBXGroup section */

/* Begin PBXNativeTarget section */
		FCDD27F029362C1400BFA683 /* Magic Ball Basic */ = {
			isa = PBXNativeTarget;
			buildConfigurationList = FCDD281B29362C1500BFA683 /* Build configuration list for PBXNativeTarget "Magic Ball Basic" */;
			buildPhases = (
				FCDD27ED29362C1400BFA683 /* Sources */,
				FCDD27EE29362C1400BFA683 /* Frameworks */,
				FCDD27EF29362C1400BFA683 /* Resources */,
			);
			buildRules = (
			);
			dependencies = (
			);
			name = "Magic Ball Basic";
			productName = "Magic Ball Basic";
			productReference = FCDD27F129362C1400BFA683 /* Magic Ball Basic.app */;
			productType = "com.apple.product-type.application";
		};
		FCDD280629362C1500BFA683 /* Magic Ball BasicTests */ = {
			isa = PBXNativeTarget;
			buildConfigurationList = FCDD281E29362C1500BFA683 /* Build configuration list for PBXNativeTarget "Magic Ball BasicTests" */;
			buildPhases = (
				FCDD280329362C1500BFA683 /* Sources */,
				FCDD280429362C1500BFA683 /* Frameworks */,
				FCDD280529362C1500BFA683 /* Resources */,
			);
			buildRules = (
			);
			dependencies = (
				FCDD280929362C1500BFA683 /* PBXTargetDependency */,
			);
			name = "Magic Ball BasicTests";
			productName = "Magic Ball BasicTests";
			productReference = FCDD280729362C1500BFA683 /* Magic Ball BasicTests.xctest */;
			productType = "com.apple.product-type.bundle.unit-test";
		};
		FCDD281029362C1500BFA683 /* Magic Ball BasicUITests */ = {
			isa = PBXNativeTarget;
			buildConfigurationList = FCDD282129362C1500BFA683 /* Build configuration list for PBXNativeTarget "Magic Ball BasicUITests" */;
			buildPhases = (
				FCDD280D29362C1500BFA683 /* Sources */,
				FCDD280E29362C1500BFA683 /* Frameworks */,
				FCDD280F29362C1500BFA683 /* Resources */,
			);
			buildRules = (
			);
			dependencies = (
				FCDD281329362C1500BFA683 /* PBXTargetDependency */,
			);
			name = "Magic Ball BasicUITests";
			productName = "Magic Ball BasicUITests";
			productReference = FCDD281129362C1500BFA683 /* Magic Ball BasicUITests.xctest */;
			productType = "com.apple.product-type.bundle.ui-testing";
		};
/* End PBXNativeTarget section */

/* Begin PBXProject section */
		FCDD27E929362C1400BFA683 /* Project object */ = {
			isa = PBXProject;
			attributes = {
				BuildIndependentTargetsInParallel = 1;
				LastSwiftUpdateCheck = 1410;
				LastUpgradeCheck = 1410;
				TargetAttributes = {
					FCDD27F029362C1400BFA683 = {
						CreatedOnToolsVersion = 14.1;
					};
					FCDD280629362C1500BFA683 = {
						CreatedOnToolsVersion = 14.1;
						TestTargetID = FCDD27F029362C1400BFA683;
					};
					FCDD281029362C1500BFA683 = {
						CreatedOnToolsVersion = 14.1;
						TestTargetID = FCDD27F029362C1400BFA683;
					};
				};
			};
			buildConfigurationList = FCDD27EC29362C1400BFA683 /* Build configuration list for PBXProject "Magic Ball Basic" */;
			compatibilityVersion = "Xcode 14.0";
			developmentRegion = en;
			hasScannedForEncodings = 0;
			knownRegions = (
				en,
				Base,
			);
			mainGroup = FCDD27E829362C1400BFA683;
			productRefGroup = FCDD27F229362C1400BFA683 /* Products */;
			projectDirPath = "";
			projectRoot = "";
			targets = (
				FCDD27F029362C1400BFA683 /* Magic Ball Basic */,
				FCDD280629362C1500BFA683 /* Magic Ball BasicTests */,
				FCDD281029362C1500BFA683 /* Magic Ball BasicUITests */,
			);
		};
/* End PBXProject section */

/* Begin PBXResourcesBuildPhase section */
		FCDD27EF29362C1400BFA683 /* Resources */ = {
			isa = PBXResourcesBuildPhase;
			buildActionMask = 2147483647;
			files = (
				FCDD280129362C1500BFA683 /* LaunchScreen.storyboard in Resources */,
				FCDD27FE29362C1500BFA683 /* Assets.xcassets in Resources */,
				FCDD27FC29362C1400BFA683 /* Main.storyboard in Resources */,
			);
			runOnlyForDeploymentPostprocessing = 0;
		};
		FCDD280529362C1500BFA683 /* Resources */ = {
			isa = PBXResourcesBuildPhase;
			buildActionMask = 2147483647;
			files = (
			);
			runOnlyForDeploymentPostprocessing = 0;
		};
		FCDD280F29362C1500BFA683 /* Resources */ = {
			isa = PBXResourcesBuildPhase;
			buildActionMask = 2147483647;
			files = (
			);
			runOnlyForDeploymentPostprocessing = 0;
		};
/* End PBXResourcesBuildPhase section */

/* Begin PBXSourcesBuildPhase section */
		FCDD27ED29362C1400BFA683 /* Sources */ = {
			isa = PBXSourcesBuildPhase;
			buildActionMask = 2147483647;
			files = (
				FCDD27F929362C1400BFA683 /* ViewController.swift in Sources */,
				FCDD27F529362C1400BFA683 /* AppDelegate.swift in Sources */,
				FCDD27F729362C1400BFA683 /* SceneDelegate.swift in Sources */,
			);
			runOnlyForDeploymentPostprocessing = 0;
		};
		FCDD280329362C1500BFA683 /* Sources */ = {
			isa = PBXSourcesBuildPhase;
			buildActionMask = 2147483647;
			files = (
				FCDD280C29362C1500BFA683 /* Magic_Ball_BasicTests.swift in Sources */,
			);
			runOnlyForDeploymentPostprocessing = 0;
		};
		FCDD280D29362C1500BFA683 /* Sources */ = {
			isa = PBXSourcesBuildPhase;
			buildActionMask = 2147483647;
			files = (
				FCDD281829362C1500BFA683 /* Magic_Ball_BasicUITestsLaunchTests.swift in Sources */,
				FCDD281629362C1500BFA683 /* Magic_Ball_BasicUITests.swift in Sources */,
			);
			runOnlyForDeploymentPostprocessing = 0;
		};
/* End PBXSourcesBuildPhase section */

/* Begin PBXTargetDependency section */
		FCDD280929362C1500BFA683 /* PBXTargetDependency */ = {
			isa = PBXTargetDependency;
			target = FCDD27F029362C1400BFA683 /* Magic Ball Basic */;
			targetProxy = FCDD280829362C1500BFA683 /* PBXContainerItemProxy */;
		};
		FCDD281329362C1500BFA683 /* PBXTargetDependency */ = {
			isa = PBXTargetDependency;
			target = FCDD27F029362C1400BFA683 /* Magic Ball Basic */;
			targetProxy = FCDD281229362C1500BFA683 /* PBXContainerItemProxy */;
		};
/* End PBXTargetDependency section */

/* Begin PBXVariantGroup section */
		FCDD27FA29362C1400BFA683 /* Main.storyboard */ = {
			isa = PBXVariantGroup;
			children = (
				FCDD27FB29362C1400BFA683 /* Base */,
			);
			name = Main.storyboard;
			sourceTree = "<group>";
		};
		FCDD27FF29362C1500BFA683 /* LaunchScreen.storyboard */ = {
			isa = PBXVariantGroup;
			children = (
				FCDD280029362C1500BFA683 /* Base */,
			);
			name = LaunchScreen.storyboard;
			sourceTree = "<group>";
		};
/* End PBXVariantGroup section */

/* Begin XCBuildConfiguration section */
		FCDD281929362C1500BFA683 /* Debug */ = {
			isa = XCBuildConfiguration;
			buildSettings = {
				ALWAYS_SEARCH_USER_PATHS = NO;
				CLANG_ANALYZER_NONNULL = YES;
				CLANG_ANALYZER_NUMBER_OBJECT_CONVERSION = YES_AGGRESSIVE;
				CLANG_CXX_LANGUAGE_STANDARD = "gnu++20";
				CLANG_ENABLE_MODULES = YES;
				CLANG_ENABLE_OBJC_ARC = YES;
				CLANG_ENABLE_OBJC_WEAK = YES;
				CLANG_WARN_BLOCK_CAPTURE_AUTORELEASING = YES;
				CLANG_WARN_BOOL_CONVERSION = YES;
				CLANG_WARN_COMMA = YES;
				CLANG_WARN_CONSTANT_CONVERSION = YES;
				CLANG_WARN_DEPRECATED_OBJC_IMPLEMENTATIONS = YES;
				CLANG_WARN_DIRECT_OBJC_ISA_USAGE = YES_ERROR;
				CLANG_WARN_DOCUMENTATION_COMMENTS = YES;
				CLANG_WARN_EMPTY_BODY = YES;
				CLANG_WARN_ENUM_CONVERSION = YES;
				CLANG_WARN_INFINITE_RECURSION = YES;
				CLANG_WARN_INT_CONVERSION = YES;
				CLANG_WARN_NON_LITERAL_NULL_CONVERSION = YES;
				CLANG_WARN_OBJC_IMPLICIT_RETAIN_SELF = YES;
				CLANG_WARN_OBJC_LITERAL_CONVERSION = YES;
				CLANG_WARN_OBJC_ROOT_CLASS = YES_ERROR;
				CLANG_WARN_QUOTED_INCLUDE_IN_FRAMEWORK_HEADER = YES;
				CLANG_WARN_RANGE_LOOP_ANALYSIS = YES;
				CLANG_WARN_STRICT_PROTOTYPES = YES;
				CLANG_WARN_SUSPICIOUS_MOVE = YES;
				CLANG_WARN_UNGUARDED_AVAILABILITY = YES_AGGRESSIVE;
				CLANG_WARN_UNREACHABLE_CODE = YES;
				CLANG_WARN__DUPLICATE_METHOD_MATCH = YES;
				COPY_PHASE_STRIP = NO;
				DEBUG_INFORMATION_FORMAT = dwarf;
				ENABLE_STRICT_OBJC_MSGSEND = YES;
				ENABLE_TESTABILITY = YES;
				GCC_C_LANGUAGE_STANDARD = gnu11;
				GCC_DYNAMIC_NO_PIC = NO;
				GCC_NO_COMMON_BLOCKS = YES;
				GCC_OPTIMIZATION_LEVEL = 0;
				GCC_PREPROCESSOR_DEFINITIONS = (
					"DEBUG=1",
					"$(inherited)",
				);
				GCC_WARN_64_TO_32_BIT_CONVERSION = YES;
				GCC_WARN_ABOUT_RETURN_TYPE = YES_ERROR;
				GCC_WARN_UNDECLARED_SELECTOR = YES;
				GCC_WARN_UNINITIALIZED_AUTOS = YES_AGGRESSIVE;
				GCC_WARN_UNUSED_FUNCTION = YES;
				GCC_WARN_UNUSED_VARIABLE = YES;
				IPHONEOS_DEPLOYMENT_TARGET = 16.1;
				MTL_ENABLE_DEBUG_INFO = INCLUDE_SOURCE;
				MTL_FAST_MATH = YES;
				ONLY_ACTIVE_ARCH = YES;
				SDKROOT = iphoneos;
				SWIFT_ACTIVE_COMPILATION_CONDITIONS = DEBUG;
				SWIFT_OPTIMIZATION_LEVEL = "-Onone";
			};
			name = Debug;
		};
		FCDD281A29362C1500BFA683 /* Release */ = {
			isa = XCBuildConfiguration;
			buildSettings = {
				ALWAYS_SEARCH_USER_PATHS = NO;
				CLANG_ANALYZER_NONNULL = YES;
				CLANG_ANALYZER_NUMBER_OBJECT_CONVERSION = YES_AGGRESSIVE;
				CLANG_CXX_LANGUAGE_STANDARD = "gnu++20";
				CLANG_ENABLE_MODULES = YES;
				CLANG_ENABLE_OBJC_ARC = YES;
				CLANG_ENABLE_OBJC_WEAK = YES;
				CLANG_WARN_BLOCK_CAPTURE_AUTORELEASING = YES;
				CLANG_WARN_BOOL_CONVERSION = YES;
				CLANG_WARN_COMMA = YES;
				CLANG_WARN_CONSTANT_CONVERSION = YES;
				CLANG_WARN_DEPRECATED_OBJC_IMPLEMENTATIONS = YES;
				CLANG_WARN_DIRECT_OBJC_ISA_USAGE = YES_ERROR;
				CLANG_WARN_DOCUMENTATION_COMMENTS = YES;
				CLANG_WARN_EMPTY_BODY = YES;
				CLANG_WARN_ENUM_CONVERSION = YES;
				CLANG_WARN_INFINITE_RECURSION = YES;
				CLANG_WARN_INT_CONVERSION = YES;
				CLANG_WARN_NON_LITERAL_NULL_CONVERSION = YES;
				CLANG_WARN_OBJC_IMPLICIT_RETAIN_SELF = YES;
				CLANG_WARN_OBJC_LITERAL_CONVERSION = YES;
				CLANG_WARN_OBJC_ROOT_CLASS = YES_ERROR;
				CLANG_WARN_QUOTED_INCLUDE_IN_FRAMEWORK_HEADER = YES;
				CLANG_WARN_RANGE_LOOP_ANALYSIS = YES;
				CLANG_WARN_STRICT_PROTOTYPES = YES;
				CLANG_WARN_SUSPICIOUS_MOVE = YES;
				CLANG_WARN_UNGUARDED_AVAILABILITY = YES_AGGRESSIVE;
				CLANG_WARN_UNREACHABLE_CODE = YES;
				CLANG_WARN__DUPLICATE_METHOD_MATCH = YES;
				COPY_PHASE_STRIP = NO;
				DEBUG_INFORMATION_FORMAT = "dwarf-with-dsym";
				ENABLE_NS_ASSERTIONS = NO;
				ENABLE_STRICT_OBJC_MSGSEND = YES;
				GCC_C_LANGUAGE_STANDARD = gnu11;
				GCC_NO_COMMON_BLOCKS = YES;
				GCC_WARN_64_TO_32_BIT_CONVERSION = YES;
				GCC_WARN_ABOUT_RETURN_TYPE = YES_ERROR;
				GCC_WARN_UNDECLARED_SELECTOR = YES;
				GCC_WARN_UNINITIALIZED_AUTOS = YES_AGGRESSIVE;
				GCC_WARN_UNUSED_FUNCTION = YES;
				GCC_WARN_UNUSED_VARIABLE = YES;
				IPHONEOS_DEPLOYMENT_TARGET = 16.1;
				MTL_ENABLE_DEBUG_INFO = NO;
				MTL_FAST_MATH = YES;
				SDKROOT = iphoneos;
				SWIFT_COMPILATION_MODE = wholemodule;
				SWIFT_OPTIMIZATION_LEVEL = "-O";
				VALIDATE_PRODUCT = YES;
			};
			name = Release;
		};
		FCDD281C29362C1500BFA683 /* Debug */ = {
			isa = XCBuildConfiguration;
			buildSettings = {
				ASSETCATALOG_COMPILER_APPICON_NAME = AppIcon;
				ASSETCATALOG_COMPILER_GLOBAL_ACCENT_COLOR_NAME = AccentColor;
				CODE_SIGN_STYLE = Automatic;
				CURRENT_PROJECT_VERSION = 1;
				GENERATE_INFOPLIST_FILE = YES;
				INFOPLIST_FILE = "Magic Ball Basic/Info.plist";
				INFOPLIST_KEY_UIApplicationSupportsIndirectInputEvents = YES;
				INFOPLIST_KEY_UILaunchStoryboardName = LaunchScreen;
				INFOPLIST_KEY_UIMainStoryboardFile = Main;
				INFOPLIST_KEY_UISupportedInterfaceOrientations_iPad = "UIInterfaceOrientationPortrait UIInterfaceOrientationPortraitUpsideDown UIInterfaceOrientationLandscapeLeft UIInterfaceOrientationLandscapeRight";
				INFOPLIST_KEY_UISupportedInterfaceOrientations_iPhone = "UIInterfaceOrientationPortrait UIInterfaceOrientationLandscapeLeft UIInterfaceOrientationLandscapeRight";
				LD_RUNPATH_SEARCH_PATHS = (
					"$(inherited)",
					"@executable_path/Frameworks",
				);
				MARKETING_VERSION = 1.0;
				PRODUCT_BUNDLE_IDENTIFIER = "com.amalomedia.Magic-Ball-Basic";
				PRODUCT_NAME = "$(TARGET_NAME)";
				SWIFT_EMIT_LOC_STRINGS = YES;
				SWIFT_VERSION = 5.0;
				TARGETED_DEVICE_FAMILY = "1,2";
			};
			name = Debug;
		};
		FCDD281D29362C1500BFA683 /* Release */ = {
			isa = XCBuildConfiguration;
			buildSettings = {
				ASSETCATALOG_COMPILER_APPICON_NAME = AppIcon;
				ASSETCATALOG_COMPILER_GLOBAL_ACCENT_COLOR_NAME = AccentColor;
				CODE_SIGN_STYLE = Automatic;
				CURRENT_PROJECT_VERSION = 1;
				GENERATE_INFOPLIST_FILE = YES;
				INFOPLIST_FILE = "Magic Ball Basic/Info.plist";
				INFOPLIST_KEY_UIApplicationSupportsIndirectInputEvents = YES;
				INFOPLIST_KEY_UILaunchStoryboardName = LaunchScreen;
				INFOPLIST_KEY_UIMainStoryboardFile = Main;
				INFOPLIST_KEY_UISupportedInterfaceOrientations_iPad = "UIInterfaceOrientationPortrait UIInterfaceOrientationPortraitUpsideDown UIInterfaceOrientationLandscapeLeft UIInterfaceOrientationLandscapeRight";
				INFOPLIST_KEY_UISupportedInterfaceOrientations_iPhone = "UIInterfaceOrientationPortrait UIInterfaceOrientationLandscapeLeft UIInterfaceOrientationLandscapeRight";
				LD_RUNPATH_SEARCH_PATHS = (
					"$(inherited)",
					"@executable_path/Frameworks",
				);
				MARKETING_VERSION = 1.0;
				PRODUCT_BUNDLE_IDENTIFIER = "com.amalomedia.Magic-Ball-Basic";
				PRODUCT_NAME = "$(TARGET_NAME)";
				SWIFT_EMIT_LOC_STRINGS = YES;
				SWIFT_VERSION = 5.0;
				TARGETED_DEVICE_FAMILY = "1,2";
			};
			name = Release;
		};
		FCDD281F29362C1500BFA683 /* Debug */ = {
			isa = XCBuildConfiguration;
			buildSettings = {
				ALWAYS_EMBED_SWIFT_STANDARD_LIBRARIES = YES;
				BUNDLE_LOADER = "$(TEST_HOST)";
				CODE_SIGN_STYLE = Automatic;
				CURRENT_PROJECT_VERSION = 1;
				GENERATE_INFOPLIST_FILE = YES;
				IPHONEOS_DEPLOYMENT_TARGET = 16.1;
				MARKETING_VERSION = 1.0;
				PRODUCT_BUNDLE_IDENTIFIER = "com.amalomedia.Magic-Ball-BasicTests";
				PRODUCT_NAME = "$(TARGET_NAME)";
				SWIFT_EMIT_LOC_STRINGS = NO;
				SWIFT_VERSION = 5.0;
				TARGETED_DEVICE_FAMILY = "1,2";
				TEST_HOST = "$(BUILT_PRODUCTS_DIR)/Magic Ball Basic.app/$(BUNDLE_EXECUTABLE_FOLDER_PATH)/Magic Ball Basic";
			};
			name = Debug;
		};
		FCDD282029362C1500BFA683 /* Release */ = {
			isa = XCBuildConfiguration;
			buildSettings = {
				ALWAYS_EMBED_SWIFT_STANDARD_LIBRARIES = YES;
				BUNDLE_LOADER = "$(TEST_HOST)";
				CODE_SIGN_STYLE = Automatic;
				CURRENT_PROJECT_VERSION = 1;
				GENERATE_INFOPLIST_FILE = YES;
				IPHONEOS_DEPLOYMENT_TARGET = 16.1;
				MARKETING_VERSION = 1.0;
				PRODUCT_BUNDLE_IDENTIFIER = "com.amalomedia.Magic-Ball-BasicTests";
				PRODUCT_NAME = "$(TARGET_NAME)";
				SWIFT_EMIT_LOC_STRINGS = NO;
				SWIFT_VERSION = 5.0;
				TARGETED_DEVICE_FAMILY = "1,2";
				TEST_HOST = "$(BUILT_PRODUCTS_DIR)/Magic Ball Basic.app/$(BUNDLE_EXECUTABLE_FOLDER_PATH)/Magic Ball Basic";
			};
			name = Release;
		};
		FCDD282229362C1500BFA683 /* Debug */ = {
			isa = XCBuildConfiguration;
			buildSettings = {
				ALWAYS_EMBED_SWIFT_STANDARD_LIBRARIES = YES;
				CODE_SIGN_STYLE = Automatic;
				CURRENT_PROJECT_VERSION = 1;
				GENERATE_INFOPLIST_FILE = YES;
				MARKETING_VERSION = 1.0;
				PRODUCT_BUNDLE_IDENTIFIER = "com.amalomedia.Magic-Ball-BasicUITests";
				PRODUCT_NAME = "$(TARGET_NAME)";
				SWIFT_EMIT_LOC_STRINGS = NO;
				SWIFT_VERSION = 5.0;
				TARGETED_DEVICE_FAMILY = "1,2";
				TEST_TARGET_NAME = "Magic Ball Basic";
			};
			name = Debug;
		};
		FCDD282329362C1500BFA683 /* Release */ = {
			isa = XCBuildConfiguration;
			buildSettings = {
				ALWAYS_EMBED_SWIFT_STANDARD_LIBRARIES = YES;
				CODE_SIGN_STYLE = Automatic;
				CURRENT_PROJECT_VERSION = 1;
				GENERATE_INFOPLIST_FILE = YES;
				MARKETING_VERSION = 1.0;
				PRODUCT_BUNDLE_IDENTIFIER = "com.amalomedia.Magic-Ball-BasicUITests";
				PRODUCT_NAME = "$(TARGET_NAME)";
				SWIFT_EMIT_LOC_STRINGS = NO;
				SWIFT_VERSION = 5.0;
				TARGETED_DEVICE_FAMILY = "1,2";
				TEST_TARGET_NAME = "Magic Ball Basic";
			};
			name = Release;
		};
/* End XCBuildConfiguration section */

/* Begin XCConfigurationList section */
		FCDD27EC29362C1400BFA683 /* Build configuration list for PBXProject "Magic Ball Basic" */ = {
			isa = XCConfigurationList;
			buildConfigurations = (
				FCDD281929362C1500BFA683 /* Debug */,
				FCDD281A29362C1500BFA683 /* Release */,
			);
			defaultConfigurationIsVisible = 0;
			defaultConfigurationName = Release;
		};
		FCDD281B29362C1500BFA683 /* Build configuration list for PBXNativeTarget "Magic Ball Basic" */ = {
			isa = XCConfigurationList;
			buildConfigurations = (
				FCDD281C29362C1500BFA683 /* Debug */,
				FCDD281D29362C1500BFA683 /* Release */,
			);
			defaultConfigurationIsVisible = 0;
			defaultConfigurationName = Release;
		};
		FCDD281E29362C1500BFA683 /* Build configuration list for PBXNativeTarget "Magic Ball BasicTests" */ = {
			isa = XCConfigurationList;
			buildConfigurations = (
				FCDD281F29362C1500BFA683 /* Debug */,
				FCDD282029362C1500BFA683 /* Release */,
			);
			defaultConfigurationIsVisible = 0;
			defaultConfigurationName = Release;
		};
		FCDD282129362C1500BFA683 /* Build configuration list for PBXNativeTarget "Magic Ball BasicUITests" */ = {
			isa = XCConfigurationList;
			buildConfigurations = (
				FCDD282229362C1500BFA683 /* Debug */,
				FCDD282329362C1500BFA683 /* Release */,
			);
			defaultConfigurationIsVisible = 0;
			defaultConfigurationName = Release;
		};
/* End XCConfigurationList section */
	};
	rootObject = FCDD27E929362C1400BFA683 /* Project object */;
}
